// !$*UTF8*$!
{
	archiveVersion = 1;
	classes = {
	};
	objectVersion = 46;
	objects = {

/* Begin PBXBuildFile section */
		36EBC032CF7EDF57E287A0E1 /* Phone.m in Sources */ = {isa = PBXBuildFile; fileRef = 36EBC096D63DC1EC0C0FD14D /* Phone.m */; };
		36EBC238DB4475CEDEF80629 /* Mail.m in Sources */ = {isa = PBXBuildFile; fileRef = 36EBCCE1FD7A24EC8D0204DE /* Mail.m */; };
		36EBC71EF3D60A32CA4A5326 /* Organization.m in Sources */ = {isa = PBXBuildFile; fileRef = 36EBC0231F7C599C4E4D2CFA /* Organization.m */; };
		36EBC8600303F358AD76AAB0 /* SmartContacts.xcdatamodeld in Sources */ = {isa = PBXBuildFile; fileRef = 36EBC1AD916955AFC814BEC0 /* SmartContacts.xcdatamodeld */; };
		36EBCC8B70DD385E43012293 /* SocialProfile.m in Sources */ = {isa = PBXBuildFile; fileRef = 36EBC15A1BB476F143042505 /* SocialProfile.m */; };
		36EBCD49F5125ED53FAA3FDB /* Contact.m in Sources */ = {isa = PBXBuildFile; fileRef = 36EBCFC4526D985AEC9818A8 /* Contact.m */; };
		36EBCDACA9F136427752FA8F /* Address.m in Sources */ = {isa = PBXBuildFile; fileRef = 36EBC2C5D102ADFBB22A4550 /* Address.m */; };
		36EBCF38C446EA683923C3A2 /* ContactDao.m in Sources */ = {isa = PBXBuildFile; fileRef = 36EBCB6C0E2894F20D0F5FE7 /* ContactDao.m */; };
		36EBCF4C553FCC3FC710E793 /* Im.m in Sources */ = {isa = PBXBuildFile; fileRef = 36EBC6859F88AF811D40FA5A /* Im.m */; };
		36EBCF576CA3895686802F5E /* Url.m in Sources */ = {isa = PBXBuildFile; fileRef = 36EBC4DDCEAE50F833F212B3 /* Url.m */; };
		BB246EA41938EE46004AA726 /* Credentials.plist in Resources */ = {isa = PBXBuildFile; fileRef = BB246EA31938EE46004AA726 /* Credentials.plist */; };
		D384122C9E94140E3563A71C /* NSString+FormInputValidation.m in Sources */ = {isa = PBXBuildFile; fileRef = D384123DF1F59EC500C61840 /* NSString+FormInputValidation.m */; };
		D384133B23D82C7EE41971AE /* FacebookContactsService.m in Sources */ = {isa = PBXBuildFile; fileRef = D3841BB6EDF6EBAE4615497D /* FacebookContactsService.m */; };
		D3841C4E2EAF8ECB2D18CD98 /* NSObject+NSObjectExtension.m in Sources */ = {isa = PBXBuildFile; fileRef = D3841F68BF78FF772E1DEBD8 /* NSObject+NSObjectExtension.m */; };
		D3841D2D60AB295218552881 /* NSString+NSStringExtension.m in Sources */ = {isa = PBXBuildFile; fileRef = D384195F32819DB5F7FC691D /* NSString+NSStringExtension.m */; };
		D3841E4A705891FDFFC0C406 /* GoogleContactsService.m in Sources */ = {isa = PBXBuildFile; fileRef = D38417E2EECACD4750A63D7F /* GoogleContactsService.m */; };
		D3A9626454F3A82AC21EFD9E /* Podfile in Resources */ = {isa = PBXBuildFile; fileRef = D3A96A3BF47F76EA3ED4A00E /* Podfile */; };
		D3A964B9A679DB4C7C3FB80D /* ContactListTableViewCell.m in Sources */ = {isa = PBXBuildFile; fileRef = D3A966E6F1C01BA8A5CAA88E /* ContactListTableViewCell.m */; };
		D3A966F3CF79D877DC202BE2 /* .gitignore in Resources */ = {isa = PBXBuildFile; fileRef = D3A96D9F8E4E00E15A35A265 /* .gitignore */; };
		D3A96775542AB41EE107E04F /* CustomUITextField.m in Sources */ = {isa = PBXBuildFile; fileRef = D3A962267730B83A50443E99 /* CustomUITextField.m */; };
		D3A969ECC87FF30659BF31AC /* ImportContactsCredentialsInputViewController.m in Sources */ = {isa = PBXBuildFile; fileRef = D3A9628C0CA4B76E99304FF4 /* ImportContactsCredentialsInputViewController.m */; };
		D3A96ED8D05D866380E6386B /* ImportContactsViewController.m in Sources */ = {isa = PBXBuildFile; fileRef = D3A9671E6BC0C9ADF87BF791 /* ImportContactsViewController.m */; };
		E1834606BC144511873280EA /* libPods-SmartContacts.a in Frameworks */ = {isa = PBXBuildFile; fileRef = 0065458B25A74EE694F03553 /* libPods-SmartContacts.a */; };
		E88CDD4D19383CDD00A30DB7 /* Foundation.framework in Frameworks */ = {isa = PBXBuildFile; fileRef = E88CDD4C19383CDD00A30DB7 /* Foundation.framework */; };
		E88CDD4F19383CDD00A30DB7 /* CoreGraphics.framework in Frameworks */ = {isa = PBXBuildFile; fileRef = E88CDD4E19383CDD00A30DB7 /* CoreGraphics.framework */; };
		E88CDD5119383CDD00A30DB7 /* UIKit.framework in Frameworks */ = {isa = PBXBuildFile; fileRef = E88CDD5019383CDD00A30DB7 /* UIKit.framework */; };
		E88CDD5319383CDD00A30DB7 /* CoreData.framework in Frameworks */ = {isa = PBXBuildFile; fileRef = E88CDD5219383CDD00A30DB7 /* CoreData.framework */; };
		E88CDD5919383CDD00A30DB7 /* InfoPlist.strings in Resources */ = {isa = PBXBuildFile; fileRef = E88CDD5719383CDD00A30DB7 /* InfoPlist.strings */; };
		E88CDD5B19383CDD00A30DB7 /* main.m in Sources */ = {isa = PBXBuildFile; fileRef = E88CDD5A19383CDD00A30DB7 /* main.m */; };
		E88CDD5F19383CDD00A30DB7 /* AppDelegate.m in Sources */ = {isa = PBXBuildFile; fileRef = E88CDD5E19383CDD00A30DB7 /* AppDelegate.m */; };
		E88CDD6219383CDD00A30DB7 /* Main.storyboard in Resources */ = {isa = PBXBuildFile; fileRef = E88CDD6019383CDD00A30DB7 /* Main.storyboard */; };
		E88CDD6819383CDD00A30DB7 /* ContactListViewController.m in Sources */ = {isa = PBXBuildFile; fileRef = E88CDD6719383CDD00A30DB7 /* ContactListViewController.m */; };
		E88CDD6B19383CDD00A30DB7 /* ContactDetailsViewController.m in Sources */ = {isa = PBXBuildFile; fileRef = E88CDD6A19383CDD00A30DB7 /* ContactDetailsViewController.m */; };
		E88CDD6D19383CDD00A30DB7 /* Images.xcassets in Resources */ = {isa = PBXBuildFile; fileRef = E88CDD6C19383CDD00A30DB7 /* Images.xcassets */; };
		E88CDD7419383CDE00A30DB7 /* XCTest.framework in Frameworks */ = {isa = PBXBuildFile; fileRef = E88CDD7319383CDE00A30DB7 /* XCTest.framework */; };
		E88CDD7519383CDE00A30DB7 /* Foundation.framework in Frameworks */ = {isa = PBXBuildFile; fileRef = E88CDD4C19383CDD00A30DB7 /* Foundation.framework */; };
		E88CDD7619383CDE00A30DB7 /* UIKit.framework in Frameworks */ = {isa = PBXBuildFile; fileRef = E88CDD5019383CDD00A30DB7 /* UIKit.framework */; };
		E88CDD7719383CDE00A30DB7 /* CoreData.framework in Frameworks */ = {isa = PBXBuildFile; fileRef = E88CDD5219383CDD00A30DB7 /* CoreData.framework */; };
		E88CDD7F19383CDE00A30DB7 /* InfoPlist.strings in Resources */ = {isa = PBXBuildFile; fileRef = E88CDD7D19383CDE00A30DB7 /* InfoPlist.strings */; };
		E88CDD8119383CDE00A30DB7 /* SmartContactsTests.m in Sources */ = {isa = PBXBuildFile; fileRef = E88CDD8019383CDE00A30DB7 /* SmartContactsTests.m */; };
		E88CDD8B19383EC200A30DB7 /* AddressBook.framework in Frameworks */ = {isa = PBXBuildFile; fileRef = E88CDD8A19383EC200A30DB7 /* AddressBook.framework */; };
		E88CDD8D19383ED100A30DB7 /* MessageUI.framework in Frameworks */ = {isa = PBXBuildFile; fileRef = E88CDD8C19383ED100A30DB7 /* MessageUI.framework */; };
		E88CDD8F19383EF800A30DB7 /* CoreLocation.framework in Frameworks */ = {isa = PBXBuildFile; fileRef = E88CDD8E19383EF800A30DB7 /* CoreLocation.framework */; };
		E88CDD9119383F0400A30DB7 /* MapKit.framework in Frameworks */ = {isa = PBXBuildFile; fileRef = E88CDD9019383F0400A30DB7 /* MapKit.framework */; };
		E88CDD931938B0C900A30DB7 /* FacebookSDK.framework in Frameworks */ = {isa = PBXBuildFile; fileRef = E88CDD921938B0C900A30DB7 /* FacebookSDK.framework */; };
/* End PBXBuildFile section */

/* Begin PBXContainerItemProxy section */
		E88CDD7819383CDE00A30DB7 /* PBXContainerItemProxy */ = {
			isa = PBXContainerItemProxy;
			containerPortal = E88CDD4119383CDD00A30DB7 /* Project object */;
			proxyType = 1;
			remoteGlobalIDString = E88CDD4819383CDD00A30DB7;
			remoteInfo = SmartContacts;
		};
/* End PBXContainerItemProxy section */

/* Begin PBXFileReference section */
		0065458B25A74EE694F03553 /* libPods-SmartContacts.a */ = {isa = PBXFileReference; explicitFileType = archive.ar; includeInIndex = 0; path = "libPods-SmartContacts.a"; sourceTree = BUILT_PRODUCTS_DIR; };
		36EBC0231F7C599C4E4D2CFA /* Organization.m */ = {isa = PBXFileReference; fileEncoding = 4; lastKnownFileType = sourcecode.c.objc; path = Organization.m; sourceTree = "<group>"; };
		36EBC096D63DC1EC0C0FD14D /* Phone.m */ = {isa = PBXFileReference; fileEncoding = 4; lastKnownFileType = sourcecode.c.objc; path = Phone.m; sourceTree = "<group>"; };
		36EBC14F854D3DF51083751C /* ContactDao.h */ = {isa = PBXFileReference; fileEncoding = 4; lastKnownFileType = sourcecode.c.h; path = ContactDao.h; sourceTree = "<group>"; };
		36EBC15A1BB476F143042505 /* SocialProfile.m */ = {isa = PBXFileReference; fileEncoding = 4; lastKnownFileType = sourcecode.c.objc; path = SocialProfile.m; sourceTree = "<group>"; };
		36EBC210993BDD34843A54C4 /* SocialProfile.h */ = {isa = PBXFileReference; fileEncoding = 4; lastKnownFileType = sourcecode.c.h; path = SocialProfile.h; sourceTree = "<group>"; };
		36EBC2C5D102ADFBB22A4550 /* Address.m */ = {isa = PBXFileReference; fileEncoding = 4; lastKnownFileType = sourcecode.c.objc; path = Address.m; sourceTree = "<group>"; };
		36EBC2C78A18A12036F170D1 /* Mail.h */ = {isa = PBXFileReference; fileEncoding = 4; lastKnownFileType = sourcecode.c.h; path = Mail.h; sourceTree = "<group>"; };
		36EBC2DC8405012503383885 /* SmartContacts.xcdatamodel */ = {isa = PBXFileReference; lastKnownFileType = wrapper.xcdatamodel; path = SmartContacts.xcdatamodel; sourceTree = "<group>"; };
		36EBC316CE0EF52D22C1A879 /* Url.h */ = {isa = PBXFileReference; fileEncoding = 4; lastKnownFileType = sourcecode.c.h; path = Url.h; sourceTree = "<group>"; };
		36EBC3D874BD4E33B8167FA2 /* Im.h */ = {isa = PBXFileReference; fileEncoding = 4; lastKnownFileType = sourcecode.c.h; path = Im.h; sourceTree = "<group>"; };
		36EBC440B60102D419BF3108 /* Contact.h */ = {isa = PBXFileReference; fileEncoding = 4; lastKnownFileType = sourcecode.c.h; path = Contact.h; sourceTree = "<group>"; };
		36EBC4DDCEAE50F833F212B3 /* Url.m */ = {isa = PBXFileReference; fileEncoding = 4; lastKnownFileType = sourcecode.c.objc; path = Url.m; sourceTree = "<group>"; };
		36EBC53692AAA9DC1924B208 /* Phone.h */ = {isa = PBXFileReference; fileEncoding = 4; lastKnownFileType = sourcecode.c.h; path = Phone.h; sourceTree = "<group>"; };
		36EBC6859F88AF811D40FA5A /* Im.m */ = {isa = PBXFileReference; fileEncoding = 4; lastKnownFileType = sourcecode.c.objc; path = Im.m; sourceTree = "<group>"; };
		36EBCB6C0E2894F20D0F5FE7 /* ContactDao.m */ = {isa = PBXFileReference; fileEncoding = 4; lastKnownFileType = sourcecode.c.objc; path = ContactDao.m; sourceTree = "<group>"; };
		36EBCC07F0F6ACB723FDB0B6 /* Address.h */ = {isa = PBXFileReference; fileEncoding = 4; lastKnownFileType = sourcecode.c.h; path = Address.h; sourceTree = "<group>"; };
		36EBCCE1FD7A24EC8D0204DE /* Mail.m */ = {isa = PBXFileReference; fileEncoding = 4; lastKnownFileType = sourcecode.c.objc; path = Mail.m; sourceTree = "<group>"; };
		36EBCD7F727516F98AC2AAFC /* Organization.h */ = {isa = PBXFileReference; fileEncoding = 4; lastKnownFileType = sourcecode.c.h; path = Organization.h; sourceTree = "<group>"; };
		36EBCFC4526D985AEC9818A8 /* Contact.m */ = {isa = PBXFileReference; fileEncoding = 4; lastKnownFileType = sourcecode.c.objc; path = Contact.m; sourceTree = "<group>"; };
		BB246EA31938EE46004AA726 /* Credentials.plist */ = {isa = PBXFileReference; fileEncoding = 4; lastKnownFileType = text.plist.xml; path = Credentials.plist; sourceTree = "<group>"; };
		C37ECF0A88EF414C98E05F11 /* Pods-SmartContacts.xcconfig */ = {isa = PBXFileReference; includeInIndex = 1; lastKnownFileType = text.xcconfig; name = "Pods-SmartContacts.xcconfig"; path = "Pods/Pods-SmartContacts.xcconfig"; sourceTree = "<group>"; };
		D384123DF1F59EC500C61840 /* NSString+FormInputValidation.m */ = {isa = PBXFileReference; fileEncoding = 4; lastKnownFileType = sourcecode.c.objc; path = "NSString+FormInputValidation.m"; sourceTree = "<group>"; };
		D38412F39E7485F60AB5F0AE /* ObjectionExtension.h */ = {isa = PBXFileReference; fileEncoding = 4; lastKnownFileType = sourcecode.c.h; path = ObjectionExtension.h; sourceTree = "<group>"; };
		D38416179AB4DC3F8B866ABF /* NSObject+NSObjectExtension.h */ = {isa = PBXFileReference; fileEncoding = 4; lastKnownFileType = sourcecode.c.h; path = "NSObject+NSObjectExtension.h"; sourceTree = "<group>"; };
		D384173943C09A46B121D87B /* GoogleContactsService.h */ = {isa = PBXFileReference; fileEncoding = 4; lastKnownFileType = sourcecode.c.h; path = GoogleContactsService.h; sourceTree = "<group>"; };
		D38417E2EECACD4750A63D7F /* GoogleContactsService.m */ = {isa = PBXFileReference; fileEncoding = 4; lastKnownFileType = sourcecode.c.objc; path = GoogleContactsService.m; sourceTree = "<group>"; };
		D38418D02D464FDBB183C861 /* FacebookContactsService.h */ = {isa = PBXFileReference; fileEncoding = 4; lastKnownFileType = sourcecode.c.h; path = FacebookContactsService.h; sourceTree = "<group>"; };
		D38419578284782B1DCDFF07 /* NSString+FormInputValidation.h */ = {isa = PBXFileReference; fileEncoding = 4; lastKnownFileType = sourcecode.c.h; path = "NSString+FormInputValidation.h"; sourceTree = "<group>"; };
		D384195F32819DB5F7FC691D /* NSString+NSStringExtension.m */ = {isa = PBXFileReference; fileEncoding = 4; lastKnownFileType = sourcecode.c.objc; path = "NSString+NSStringExtension.m"; sourceTree = "<group>"; };
		D3841BB6EDF6EBAE4615497D /* FacebookContactsService.m */ = {isa = PBXFileReference; fileEncoding = 4; lastKnownFileType = sourcecode.c.objc; path = FacebookContactsService.m; sourceTree = "<group>"; };
		D3841D8670C1F81953052D34 /* NSString+NSStringExtension.h */ = {isa = PBXFileReference; fileEncoding = 4; lastKnownFileType = sourcecode.c.h; path = "NSString+NSStringExtension.h"; sourceTree = "<group>"; };
		D3841F68BF78FF772E1DEBD8 /* NSObject+NSObjectExtension.m */ = {isa = PBXFileReference; fileEncoding = 4; lastKnownFileType = sourcecode.c.objc; path = "NSObject+NSObjectExtension.m"; sourceTree = "<group>"; };
		D3A9607A0911B73A060D1E73 /* ImportContactsViewController.h */ = {isa = PBXFileReference; fileEncoding = 4; lastKnownFileType = sourcecode.c.h; path = ImportContactsViewController.h; sourceTree = "<group>"; };
		D3A962267730B83A50443E99 /* CustomUITextField.m */ = {isa = PBXFileReference; fileEncoding = 4; lastKnownFileType = sourcecode.c.objc; path = CustomUITextField.m; sourceTree = "<group>"; };
		D3A9628C0CA4B76E99304FF4 /* ImportContactsCredentialsInputViewController.m */ = {isa = PBXFileReference; fileEncoding = 4; lastKnownFileType = sourcecode.c.objc; path = ImportContactsCredentialsInputViewController.m; sourceTree = "<group>"; };
		D3A966E6F1C01BA8A5CAA88E /* ContactListTableViewCell.m */ = {isa = PBXFileReference; fileEncoding = 4; lastKnownFileType = sourcecode.c.objc; path = ContactListTableViewCell.m; sourceTree = "<group>"; };
		D3A9671E6BC0C9ADF87BF791 /* ImportContactsViewController.m */ = {isa = PBXFileReference; fileEncoding = 4; lastKnownFileType = sourcecode.c.objc; path = ImportContactsViewController.m; sourceTree = "<group>"; };
		D3A96826BDAF2F249008863A /* ContactListTableViewCell.h */ = {isa = PBXFileReference; fileEncoding = 4; lastKnownFileType = sourcecode.c.h; path = ContactListTableViewCell.h; sourceTree = "<group>"; };
		D3A969961C9D5DA56F7CAC11 /* CustomUITextField.h */ = {isa = PBXFileReference; fileEncoding = 4; lastKnownFileType = sourcecode.c.h; path = CustomUITextField.h; sourceTree = "<group>"; };
		D3A96A3BF47F76EA3ED4A00E /* Podfile */ = {isa = PBXFileReference; fileEncoding = 4; lastKnownFileType = text; path = Podfile; sourceTree = "<group>"; };
		D3A96B844EE3F64D75427095 /* ImportContactsCredentialsInputViewController.h */ = {isa = PBXFileReference; fileEncoding = 4; lastKnownFileType = sourcecode.c.h; path = ImportContactsCredentialsInputViewController.h; sourceTree = "<group>"; };
		D3A96D9F8E4E00E15A35A265 /* .gitignore */ = {isa = PBXFileReference; lastKnownFileType = file.gitignore; path = .gitignore; sourceTree = "<group>"; };
		E88CDD4919383CDD00A30DB7 /* SmartContacts.app */ = {isa = PBXFileReference; explicitFileType = wrapper.application; includeInIndex = 0; path = SmartContacts.app; sourceTree = BUILT_PRODUCTS_DIR; };
		E88CDD4C19383CDD00A30DB7 /* Foundation.framework */ = {isa = PBXFileReference; lastKnownFileType = wrapper.framework; name = Foundation.framework; path = System/Library/Frameworks/Foundation.framework; sourceTree = SDKROOT; };
		E88CDD4E19383CDD00A30DB7 /* CoreGraphics.framework */ = {isa = PBXFileReference; lastKnownFileType = wrapper.framework; name = CoreGraphics.framework; path = System/Library/Frameworks/CoreGraphics.framework; sourceTree = SDKROOT; };
		E88CDD5019383CDD00A30DB7 /* UIKit.framework */ = {isa = PBXFileReference; lastKnownFileType = wrapper.framework; name = UIKit.framework; path = System/Library/Frameworks/UIKit.framework; sourceTree = SDKROOT; };
		E88CDD5219383CDD00A30DB7 /* CoreData.framework */ = {isa = PBXFileReference; lastKnownFileType = wrapper.framework; name = CoreData.framework; path = System/Library/Frameworks/CoreData.framework; sourceTree = SDKROOT; };
		E88CDD5619383CDD00A30DB7 /* SmartContacts-Info.plist */ = {isa = PBXFileReference; lastKnownFileType = text.plist.xml; path = "SmartContacts-Info.plist"; sourceTree = "<group>"; };
		E88CDD5819383CDD00A30DB7 /* en */ = {isa = PBXFileReference; lastKnownFileType = text.plist.strings; name = en; path = en.lproj/InfoPlist.strings; sourceTree = "<group>"; };
		E88CDD5A19383CDD00A30DB7 /* main.m */ = {isa = PBXFileReference; lastKnownFileType = sourcecode.c.objc; path = main.m; sourceTree = "<group>"; };
		E88CDD5C19383CDD00A30DB7 /* SmartContacts-Prefix.pch */ = {isa = PBXFileReference; lastKnownFileType = sourcecode.c.h; path = "SmartContacts-Prefix.pch"; sourceTree = "<group>"; };
		E88CDD5D19383CDD00A30DB7 /* AppDelegate.h */ = {isa = PBXFileReference; lastKnownFileType = sourcecode.c.h; path = AppDelegate.h; sourceTree = "<group>"; };
		E88CDD5E19383CDD00A30DB7 /* AppDelegate.m */ = {isa = PBXFileReference; lastKnownFileType = sourcecode.c.objc; path = AppDelegate.m; sourceTree = "<group>"; };
		E88CDD6119383CDD00A30DB7 /* Base */ = {isa = PBXFileReference; lastKnownFileType = file.storyboard; name = Base; path = Base.lproj/Main.storyboard; sourceTree = "<group>"; };
		E88CDD6619383CDD00A30DB7 /* ContactListViewController.h */ = {isa = PBXFileReference; lastKnownFileType = sourcecode.c.h; path = ContactListViewController.h; sourceTree = "<group>"; };
		E88CDD6719383CDD00A30DB7 /* ContactListViewController.m */ = {isa = PBXFileReference; lastKnownFileType = sourcecode.c.objc; path = ContactListViewController.m; sourceTree = "<group>"; };
		E88CDD6919383CDD00A30DB7 /* ContactDetailsViewController.h */ = {isa = PBXFileReference; lastKnownFileType = sourcecode.c.h; path = ContactDetailsViewController.h; sourceTree = "<group>"; };
		E88CDD6A19383CDD00A30DB7 /* ContactDetailsViewController.m */ = {isa = PBXFileReference; lastKnownFileType = sourcecode.c.objc; path = ContactDetailsViewController.m; sourceTree = "<group>"; };
		E88CDD6C19383CDD00A30DB7 /* Images.xcassets */ = {isa = PBXFileReference; lastKnownFileType = folder.assetcatalog; path = Images.xcassets; sourceTree = "<group>"; };
		E88CDD7219383CDE00A30DB7 /* SmartContactsTests.xctest */ = {isa = PBXFileReference; explicitFileType = wrapper.cfbundle; includeInIndex = 0; path = SmartContactsTests.xctest; sourceTree = BUILT_PRODUCTS_DIR; };
		E88CDD7319383CDE00A30DB7 /* XCTest.framework */ = {isa = PBXFileReference; lastKnownFileType = wrapper.framework; name = XCTest.framework; path = Library/Frameworks/XCTest.framework; sourceTree = DEVELOPER_DIR; };
		E88CDD7C19383CDE00A30DB7 /* SmartContactsTests-Info.plist */ = {isa = PBXFileReference; lastKnownFileType = text.plist.xml; path = "SmartContactsTests-Info.plist"; sourceTree = "<group>"; };
		E88CDD7E19383CDE00A30DB7 /* en */ = {isa = PBXFileReference; lastKnownFileType = text.plist.strings; name = en; path = en.lproj/InfoPlist.strings; sourceTree = "<group>"; };
		E88CDD8019383CDE00A30DB7 /* SmartContactsTests.m */ = {isa = PBXFileReference; lastKnownFileType = sourcecode.c.objc; path = SmartContactsTests.m; sourceTree = "<group>"; };
		E88CDD8A19383EC200A30DB7 /* AddressBook.framework */ = {isa = PBXFileReference; lastKnownFileType = wrapper.framework; name = AddressBook.framework; path = System/Library/Frameworks/AddressBook.framework; sourceTree = SDKROOT; };
		E88CDD8C19383ED100A30DB7 /* MessageUI.framework */ = {isa = PBXFileReference; lastKnownFileType = wrapper.framework; name = MessageUI.framework; path = System/Library/Frameworks/MessageUI.framework; sourceTree = SDKROOT; };
		E88CDD8E19383EF800A30DB7 /* CoreLocation.framework */ = {isa = PBXFileReference; lastKnownFileType = wrapper.framework; name = CoreLocation.framework; path = System/Library/Frameworks/CoreLocation.framework; sourceTree = SDKROOT; };
		E88CDD9019383F0400A30DB7 /* MapKit.framework */ = {isa = PBXFileReference; lastKnownFileType = wrapper.framework; name = MapKit.framework; path = System/Library/Frameworks/MapKit.framework; sourceTree = SDKROOT; };
		E88CDD921938B0C900A30DB7 /* FacebookSDK.framework */ = {isa = PBXFileReference; lastKnownFileType = wrapper.framework; path = FacebookSDK.framework; sourceTree = "<group>"; };
/* End PBXFileReference section */

/* Begin PBXFrameworksBuildPhase section */
		E88CDD4619383CDD00A30DB7 /* Frameworks */ = {
			isa = PBXFrameworksBuildPhase;
			buildActionMask = 2147483647;
			files = (
				E88CDD9119383F0400A30DB7 /* MapKit.framework in Frameworks */,
				E88CDD931938B0C900A30DB7 /* FacebookSDK.framework in Frameworks */,
				E88CDD8F19383EF800A30DB7 /* CoreLocation.framework in Frameworks */,
				E88CDD8D19383ED100A30DB7 /* MessageUI.framework in Frameworks */,
				E88CDD8B19383EC200A30DB7 /* AddressBook.framework in Frameworks */,
				E88CDD4F19383CDD00A30DB7 /* CoreGraphics.framework in Frameworks */,
				E88CDD5319383CDD00A30DB7 /* CoreData.framework in Frameworks */,
				E88CDD5119383CDD00A30DB7 /* UIKit.framework in Frameworks */,
				E88CDD4D19383CDD00A30DB7 /* Foundation.framework in Frameworks */,
				E1834606BC144511873280EA /* libPods-SmartContacts.a in Frameworks */,
			);
			runOnlyForDeploymentPostprocessing = 0;
		};
		E88CDD6F19383CDE00A30DB7 /* Frameworks */ = {
			isa = PBXFrameworksBuildPhase;
			buildActionMask = 2147483647;
			files = (
				E88CDD7419383CDE00A30DB7 /* XCTest.framework in Frameworks */,
				E88CDD7719383CDE00A30DB7 /* CoreData.framework in Frameworks */,
				E88CDD7619383CDE00A30DB7 /* UIKit.framework in Frameworks */,
				E88CDD7519383CDE00A30DB7 /* Foundation.framework in Frameworks */,
			);
			runOnlyForDeploymentPostprocessing = 0;
		};
/* End PBXFrameworksBuildPhase section */

/* Begin PBXGroup section */
		36EBC6C041A954C7B8429501 /* domain */ = {
			isa = PBXGroup;
			children = (
				36EBC3D874BD4E33B8167FA2 /* Im.h */,
				36EBC6859F88AF811D40FA5A /* Im.m */,
				36EBC316CE0EF52D22C1A879 /* Url.h */,
				36EBC4DDCEAE50F833F212B3 /* Url.m */,
				36EBC2C78A18A12036F170D1 /* Mail.h */,
				36EBCCE1FD7A24EC8D0204DE /* Mail.m */,
				36EBC53692AAA9DC1924B208 /* Phone.h */,
				36EBC096D63DC1EC0C0FD14D /* Phone.m */,
				36EBCC07F0F6ACB723FDB0B6 /* Address.h */,
				36EBC2C5D102ADFBB22A4550 /* Address.m */,
				36EBC440B60102D419BF3108 /* Contact.h */,
				36EBCFC4526D985AEC9818A8 /* Contact.m */,
				36EBCD7F727516F98AC2AAFC /* Organization.h */,
				36EBC0231F7C599C4E4D2CFA /* Organization.m */,
				36EBC210993BDD34843A54C4 /* SocialProfile.h */,
				36EBC15A1BB476F143042505 /* SocialProfile.m */,
			);
			path = domain;
			sourceTree = "<group>";
		};
		36EBCBB0C2BDC4253B559630 /* dao */ = {
			isa = PBXGroup;
			children = (
				36EBC14F854D3DF51083751C /* ContactDao.h */,
				36EBCB6C0E2894F20D0F5FE7 /* ContactDao.m */,
			);
			path = dao;
			sourceTree = "<group>";
		};
		D38413CAF14EAE87A3E83610 /* utils */ = {
			isa = PBXGroup;
			children = (
				D38412F39E7485F60AB5F0AE /* ObjectionExtension.h */,
			);
			path = utils;
			sourceTree = "<group>";
		};
		D38418772C962478B7190756 /* Service */ = {
			isa = PBXGroup;
			children = (
				D38417E2EECACD4750A63D7F /* GoogleContactsService.m */,
				D384173943C09A46B121D87B /* GoogleContactsService.h */,
				D3841BB6EDF6EBAE4615497D /* FacebookContactsService.m */,
				D38418D02D464FDBB183C861 /* FacebookContactsService.h */,
			);
			path = Service;
			sourceTree = "<group>";
		};
		D3841921BBB9690B3D540387 /* category */ = {
			isa = PBXGroup;
			children = (
				D38416179AB4DC3F8B866ABF /* NSObject+NSObjectExtension.h */,
				D3841F68BF78FF772E1DEBD8 /* NSObject+NSObjectExtension.m */,
				D3841D8670C1F81953052D34 /* NSString+NSStringExtension.h */,
				D384195F32819DB5F7FC691D /* NSString+NSStringExtension.m */,
				D384123DF1F59EC500C61840 /* NSString+FormInputValidation.m */,
				D38419578284782B1DCDFF07 /* NSString+FormInputValidation.h */,
			);
			path = category;
			sourceTree = "<group>";
		};
		D3A960162BC201031ECAB3FF /* widget */ = {
			isa = PBXGroup;
			children = (
				D3A969961C9D5DA56F7CAC11 /* CustomUITextField.h */,
				D3A962267730B83A50443E99 /* CustomUITextField.m */,
			);
			path = widget;
			sourceTree = "<group>";
		};
		E88CDD4019383CDD00A30DB7 = {
			isa = PBXGroup;
			children = (
				E88CDD5419383CDD00A30DB7 /* SmartContacts */,
				E88CDD7A19383CDE00A30DB7 /* SmartContactsTests */,
				E88CDD4B19383CDD00A30DB7 /* Frameworks */,
				E88CDD4A19383CDD00A30DB7 /* Products */,
				D3A96A3BF47F76EA3ED4A00E /* Podfile */,
				D3A96D9F8E4E00E15A35A265 /* .gitignore */,
				C37ECF0A88EF414C98E05F11 /* Pods-SmartContacts.xcconfig */,
				D3A960162BC201031ECAB3FF /* widget */,
				36EBCBB0C2BDC4253B559630 /* dao */,
				36EBC6C041A954C7B8429501 /* domain */,
				36EBC1AD916955AFC814BEC0 /* SmartContacts.xcdatamodeld */,
			);
			sourceTree = "<group>";
		};
		E88CDD4A19383CDD00A30DB7 /* Products */ = {
			isa = PBXGroup;
			children = (
				E88CDD4919383CDD00A30DB7 /* SmartContacts.app */,
				E88CDD7219383CDE00A30DB7 /* SmartContactsTests.xctest */,
			);
			name = Products;
			sourceTree = "<group>";
		};
		E88CDD4B19383CDD00A30DB7 /* Frameworks */ = {
			isa = PBXGroup;
			children = (
				E88CDD921938B0C900A30DB7 /* FacebookSDK.framework */,
				E88CDD9019383F0400A30DB7 /* MapKit.framework */,
				E88CDD8E19383EF800A30DB7 /* CoreLocation.framework */,
				E88CDD8C19383ED100A30DB7 /* MessageUI.framework */,
				E88CDD8A19383EC200A30DB7 /* AddressBook.framework */,
				E88CDD4C19383CDD00A30DB7 /* Foundation.framework */,
				E88CDD4E19383CDD00A30DB7 /* CoreGraphics.framework */,
				E88CDD5019383CDD00A30DB7 /* UIKit.framework */,
				E88CDD5219383CDD00A30DB7 /* CoreData.framework */,
				E88CDD7319383CDE00A30DB7 /* XCTest.framework */,
				0065458B25A74EE694F03553 /* libPods-SmartContacts.a */,
			);
			name = Frameworks;
			sourceTree = "<group>";
		};
		E88CDD5419383CDD00A30DB7 /* SmartContacts */ = {
			isa = PBXGroup;
			children = (
				E88CDD5D19383CDD00A30DB7 /* AppDelegate.h */,
				E88CDD5E19383CDD00A30DB7 /* AppDelegate.m */,
				E88CDD6019383CDD00A30DB7 /* Main.storyboard */,
				E88CDD6619383CDD00A30DB7 /* ContactListViewController.h */,
				E88CDD6719383CDD00A30DB7 /* ContactListViewController.m */,
				E88CDD6919383CDD00A30DB7 /* ContactDetailsViewController.h */,
				E88CDD6A19383CDD00A30DB7 /* ContactDetailsViewController.m */,
				E88CDD6C19383CDD00A30DB7 /* Images.xcassets */,
				E88CDD5519383CDD00A30DB7 /* Supporting Files */,
				D3A9628C0CA4B76E99304FF4 /* ImportContactsCredentialsInputViewController.m */,
				D3A96B844EE3F64D75427095 /* ImportContactsCredentialsInputViewController.h */,
				D3A9671E6BC0C9ADF87BF791 /* ImportContactsViewController.m */,
				D3A9607A0911B73A060D1E73 /* ImportContactsViewController.h */,
				D38418772C962478B7190756 /* Service */,
				D38413CAF14EAE87A3E83610 /* utils */,
				D3841921BBB9690B3D540387 /* category */,
				D3A966E6F1C01BA8A5CAA88E /* ContactListTableViewCell.m */,
				D3A96826BDAF2F249008863A /* ContactListTableViewCell.h */,
			);
			path = SmartContacts;
			sourceTree = "<group>";
		};
		E88CDD5519383CDD00A30DB7 /* Supporting Files */ = {
			isa = PBXGroup;
			children = (
				E88CDD5619383CDD00A30DB7 /* SmartContacts-Info.plist */,
				E88CDD5719383CDD00A30DB7 /* InfoPlist.strings */,
				E88CDD5A19383CDD00A30DB7 /* main.m */,
				E88CDD5C19383CDD00A30DB7 /* SmartContacts-Prefix.pch */,
				BB246EA31938EE46004AA726 /* Credentials.plist */,
			);
			name = "Supporting Files";
			sourceTree = "<group>";
		};
		E88CDD7A19383CDE00A30DB7 /* SmartContactsTests */ = {
			isa = PBXGroup;
			children = (
				E88CDD8019383CDE00A30DB7 /* SmartContactsTests.m */,
				E88CDD7B19383CDE00A30DB7 /* Supporting Files */,
			);
			path = SmartContactsTests;
			sourceTree = "<group>";
		};
		E88CDD7B19383CDE00A30DB7 /* Supporting Files */ = {
			isa = PBXGroup;
			children = (
				E88CDD7C19383CDE00A30DB7 /* SmartContactsTests-Info.plist */,
				E88CDD7D19383CDE00A30DB7 /* InfoPlist.strings */,
			);
			name = "Supporting Files";
			sourceTree = "<group>";
		};
/* End PBXGroup section */

/* Begin PBXNativeTarget section */
		E88CDD4819383CDD00A30DB7 /* SmartContacts */ = {
			isa = PBXNativeTarget;
			buildConfigurationList = E88CDD8419383CDE00A30DB7 /* Build configuration list for PBXNativeTarget "SmartContacts" */;
			buildPhases = (
				58289FAF500C4E87A6B671B5 /* Check Pods Manifest.lock */,
				E88CDD4519383CDD00A30DB7 /* Sources */,
				E88CDD4619383CDD00A30DB7 /* Frameworks */,
				E88CDD4719383CDD00A30DB7 /* Resources */,
				3683A4F83CC44FF3A45B56B5 /* Copy Pods Resources */,
			);
			buildRules = (
			);
			dependencies = (
			);
			name = SmartContacts;
			productName = SmartContacts;
			productReference = E88CDD4919383CDD00A30DB7 /* SmartContacts.app */;
			productType = "com.apple.product-type.application";
		};
		E88CDD7119383CDE00A30DB7 /* SmartContactsTests */ = {
			isa = PBXNativeTarget;
			buildConfigurationList = E88CDD8719383CDE00A30DB7 /* Build configuration list for PBXNativeTarget "SmartContactsTests" */;
			buildPhases = (
				E88CDD6E19383CDE00A30DB7 /* Sources */,
				E88CDD6F19383CDE00A30DB7 /* Frameworks */,
				E88CDD7019383CDE00A30DB7 /* Resources */,
			);
			buildRules = (
			);
			dependencies = (
				E88CDD7919383CDE00A30DB7 /* PBXTargetDependency */,
			);
			name = SmartContactsTests;
			productName = SmartContactsTests;
			productReference = E88CDD7219383CDE00A30DB7 /* SmartContactsTests.xctest */;
			productType = "com.apple.product-type.bundle.unit-test";
		};
/* End PBXNativeTarget section */

/* Begin PBXProject section */
		E88CDD4119383CDD00A30DB7 /* Project object */ = {
			isa = PBXProject;
			attributes = {
				LastUpgradeCheck = 0510;
				ORGANIZATIONNAME = "Therap (BD) Ltd.";
				TargetAttributes = {
					E88CDD4819383CDD00A30DB7 = {
						DevelopmentTeam = YJ4N7HRX5C;
					};
					E88CDD7119383CDE00A30DB7 = {
						TestTargetID = E88CDD4819383CDD00A30DB7;
					};
				};
			};
			buildConfigurationList = E88CDD4419383CDD00A30DB7 /* Build configuration list for PBXProject "SmartContacts" */;
			compatibilityVersion = "Xcode 3.2";
			developmentRegion = English;
			hasScannedForEncodings = 0;
			knownRegions = (
				en,
				Base,
			);
			mainGroup = E88CDD4019383CDD00A30DB7;
			productRefGroup = E88CDD4A19383CDD00A30DB7 /* Products */;
			projectDirPath = "";
			projectRoot = "";
			targets = (
				E88CDD4819383CDD00A30DB7 /* SmartContacts */,
				E88CDD7119383CDE00A30DB7 /* SmartContactsTests */,
			);
		};
/* End PBXProject section */

/* Begin PBXResourcesBuildPhase section */
		E88CDD4719383CDD00A30DB7 /* Resources */ = {
			isa = PBXResourcesBuildPhase;
			buildActionMask = 2147483647;
			files = (
				E88CDD6D19383CDD00A30DB7 /* Images.xcassets in Resources */,
				E88CDD5919383CDD00A30DB7 /* InfoPlist.strings in Resources */,
				E88CDD6219383CDD00A30DB7 /* Main.storyboard in Resources */,
				BB246EA41938EE46004AA726 /* Credentials.plist in Resources */,
				D3A9626454F3A82AC21EFD9E /* Podfile in Resources */,
				D3A966F3CF79D877DC202BE2 /* .gitignore in Resources */,
			);
			runOnlyForDeploymentPostprocessing = 0;
		};
		E88CDD7019383CDE00A30DB7 /* Resources */ = {
			isa = PBXResourcesBuildPhase;
			buildActionMask = 2147483647;
			files = (
				E88CDD7F19383CDE00A30DB7 /* InfoPlist.strings in Resources */,
			);
			runOnlyForDeploymentPostprocessing = 0;
		};
/* End PBXResourcesBuildPhase section */

/* Begin PBXShellScriptBuildPhase section */
		3683A4F83CC44FF3A45B56B5 /* Copy Pods Resources */ = {
			isa = PBXShellScriptBuildPhase;
			buildActionMask = 2147483647;
			files = (
			);
			inputPaths = (
			);
			name = "Copy Pods Resources";
			outputPaths = (
			);
			runOnlyForDeploymentPostprocessing = 0;
			shellPath = /bin/sh;
			shellScript = "\"${SRCROOT}/Pods/Pods-SmartContacts-resources.sh\"\n";
			showEnvVarsInLog = 0;
		};
		58289FAF500C4E87A6B671B5 /* Check Pods Manifest.lock */ = {
			isa = PBXShellScriptBuildPhase;
			buildActionMask = 2147483647;
			files = (
			);
			inputPaths = (
			);
			name = "Check Pods Manifest.lock";
			outputPaths = (
			);
			runOnlyForDeploymentPostprocessing = 0;
			shellPath = /bin/sh;
			shellScript = "diff \"${PODS_ROOT}/../Podfile.lock\" \"${PODS_ROOT}/Manifest.lock\" > /dev/null\nif [[ $? != 0 ]] ; then\n    cat << EOM\nerror: The sandbox is not in sync with the Podfile.lock. Run 'pod install' or update your CocoaPods installation.\nEOM\n    exit 1\nfi\n";
			showEnvVarsInLog = 0;
		};
/* End PBXShellScriptBuildPhase section */

/* Begin PBXSourcesBuildPhase section */
		E88CDD4519383CDD00A30DB7 /* Sources */ = {
			isa = PBXSourcesBuildPhase;
			buildActionMask = 2147483647;
			files = (
				E88CDD6B19383CDD00A30DB7 /* ContactDetailsViewController.m in Sources */,
				E88CDD6819383CDD00A30DB7 /* ContactListViewController.m in Sources */,
				E88CDD5F19383CDD00A30DB7 /* AppDelegate.m in Sources */,
				E88CDD5B19383CDD00A30DB7 /* main.m in Sources */,
				D3A969ECC87FF30659BF31AC /* ImportContactsCredentialsInputViewController.m in Sources */,
				D3A96ED8D05D866380E6386B /* ImportContactsViewController.m in Sources */,
				D3A96775542AB41EE107E04F /* CustomUITextField.m in Sources */,
				D3841E4A705891FDFFC0C406 /* GoogleContactsService.m in Sources */,
				D3841C4E2EAF8ECB2D18CD98 /* NSObject+NSObjectExtension.m in Sources */,
				D3841D2D60AB295218552881 /* NSString+NSStringExtension.m in Sources */,
				D384133B23D82C7EE41971AE /* FacebookContactsService.m in Sources */,
				36EBCF38C446EA683923C3A2 /* ContactDao.m in Sources */,
				36EBCF4C553FCC3FC710E793 /* Im.m in Sources */,
				36EBCF576CA3895686802F5E /* Url.m in Sources */,
				36EBC238DB4475CEDEF80629 /* Mail.m in Sources */,
				36EBC032CF7EDF57E287A0E1 /* Phone.m in Sources */,
				36EBCDACA9F136427752FA8F /* Address.m in Sources */,
				36EBCD49F5125ED53FAA3FDB /* Contact.m in Sources */,
				36EBC71EF3D60A32CA4A5326 /* Organization.m in Sources */,
				36EBCC8B70DD385E43012293 /* SocialProfile.m in Sources */,
				36EBC8600303F358AD76AAB0 /* SmartContacts.xcdatamodeld in Sources */,
				D384122C9E94140E3563A71C /* NSString+FormInputValidation.m in Sources */,
				D3A964B9A679DB4C7C3FB80D /* ContactListTableViewCell.m in Sources */,
			);
			runOnlyForDeploymentPostprocessing = 0;
		};
		E88CDD6E19383CDE00A30DB7 /* Sources */ = {
			isa = PBXSourcesBuildPhase;
			buildActionMask = 2147483647;
			files = (
				E88CDD8119383CDE00A30DB7 /* SmartContactsTests.m in Sources */,
			);
			runOnlyForDeploymentPostprocessing = 0;
		};
/* End PBXSourcesBuildPhase section */

/* Begin PBXTargetDependency section */
		E88CDD7919383CDE00A30DB7 /* PBXTargetDependency */ = {
			isa = PBXTargetDependency;
			target = E88CDD4819383CDD00A30DB7 /* SmartContacts */;
			targetProxy = E88CDD7819383CDE00A30DB7 /* PBXContainerItemProxy */;
		};
/* End PBXTargetDependency section */

/* Begin PBXVariantGroup section */
		E88CDD5719383CDD00A30DB7 /* InfoPlist.strings */ = {
			isa = PBXVariantGroup;
			children = (
				E88CDD5819383CDD00A30DB7 /* en */,
			);
			name = InfoPlist.strings;
			sourceTree = "<group>";
		};
		E88CDD6019383CDD00A30DB7 /* Main.storyboard */ = {
			isa = PBXVariantGroup;
			children = (
				E88CDD6119383CDD00A30DB7 /* Base */,
			);
			name = Main.storyboard;
			sourceTree = "<group>";
		};
		E88CDD7D19383CDE00A30DB7 /* InfoPlist.strings */ = {
			isa = PBXVariantGroup;
			children = (
				E88CDD7E19383CDE00A30DB7 /* en */,
			);
			name = InfoPlist.strings;
			sourceTree = "<group>";
		};
/* End PBXVariantGroup section */

/* Begin XCBuildConfiguration section */
		E88CDD8219383CDE00A30DB7 /* Debug */ = {
			isa = XCBuildConfiguration;
			buildSettings = {
				ALWAYS_SEARCH_USER_PATHS = NO;
				CLANG_CXX_LANGUAGE_STANDARD = "gnu++0x";
				CLANG_CXX_LIBRARY = "libc++";
				CLANG_ENABLE_MODULES = YES;
				CLANG_ENABLE_OBJC_ARC = YES;
				CLANG_WARN_BOOL_CONVERSION = YES;
				CLANG_WARN_CONSTANT_CONVERSION = YES;
				CLANG_WARN_DIRECT_OBJC_ISA_USAGE = YES_ERROR;
				CLANG_WARN_EMPTY_BODY = YES;
				CLANG_WARN_ENUM_CONVERSION = YES;
				CLANG_WARN_INT_CONVERSION = YES;
				CLANG_WARN_OBJC_ROOT_CLASS = YES_ERROR;
				CLANG_WARN__DUPLICATE_METHOD_MATCH = YES;
				"CODE_SIGN_IDENTITY[sdk=iphoneos*]" = "iPhone Developer";
				COPY_PHASE_STRIP = NO;
				GCC_C_LANGUAGE_STANDARD = gnu99;
				GCC_DYNAMIC_NO_PIC = NO;
				GCC_OPTIMIZATION_LEVEL = 0;
				GCC_PREPROCESSOR_DEFINITIONS = (
					"DEBUG=1",
					"$(inherited)",
				);
				GCC_SYMBOLS_PRIVATE_EXTERN = NO;
				GCC_WARN_64_TO_32_BIT_CONVERSION = YES;
				GCC_WARN_ABOUT_RETURN_TYPE = YES_ERROR;
				GCC_WARN_UNDECLARED_SELECTOR = YES;
				GCC_WARN_UNINITIALIZED_AUTOS = YES_AGGRESSIVE;
				GCC_WARN_UNUSED_FUNCTION = YES;
				GCC_WARN_UNUSED_VARIABLE = YES;
				IPHONEOS_DEPLOYMENT_TARGET = 7.1;
				ONLY_ACTIVE_ARCH = YES;
				SDKROOT = iphoneos;
			};
			name = Debug;
		};
		E88CDD8319383CDE00A30DB7 /* Release */ = {
			isa = XCBuildConfiguration;
			buildSettings = {
				ALWAYS_SEARCH_USER_PATHS = NO;
				CLANG_CXX_LANGUAGE_STANDARD = "gnu++0x";
				CLANG_CXX_LIBRARY = "libc++";
				CLANG_ENABLE_MODULES = YES;
				CLANG_ENABLE_OBJC_ARC = YES;
				CLANG_WARN_BOOL_CONVERSION = YES;
				CLANG_WARN_CONSTANT_CONVERSION = YES;
				CLANG_WARN_DIRECT_OBJC_ISA_USAGE = YES_ERROR;
				CLANG_WARN_EMPTY_BODY = YES;
				CLANG_WARN_ENUM_CONVERSION = YES;
				CLANG_WARN_INT_CONVERSION = YES;
				CLANG_WARN_OBJC_ROOT_CLASS = YES_ERROR;
				CLANG_WARN__DUPLICATE_METHOD_MATCH = YES;
				"CODE_SIGN_IDENTITY[sdk=iphoneos*]" = "iPhone Developer";
				COPY_PHASE_STRIP = YES;
				ENABLE_NS_ASSERTIONS = NO;
				GCC_C_LANGUAGE_STANDARD = gnu99;
				GCC_WARN_64_TO_32_BIT_CONVERSION = YES;
				GCC_WARN_ABOUT_RETURN_TYPE = YES_ERROR;
				GCC_WARN_UNDECLARED_SELECTOR = YES;
				GCC_WARN_UNINITIALIZED_AUTOS = YES_AGGRESSIVE;
				GCC_WARN_UNUSED_FUNCTION = YES;
				GCC_WARN_UNUSED_VARIABLE = YES;
				IPHONEOS_DEPLOYMENT_TARGET = 7.1;
				SDKROOT = iphoneos;
				VALIDATE_PRODUCT = YES;
			};
			name = Release;
		};
		E88CDD8519383CDE00A30DB7 /* Debug */ = {
			isa = XCBuildConfiguration;
			baseConfigurationReference = C37ECF0A88EF414C98E05F11 /* Pods-SmartContacts.xcconfig */;
			buildSettings = {
				ASSETCATALOG_COMPILER_APPICON_NAME = AppIcon;
				ASSETCATALOG_COMPILER_LAUNCHIMAGE_NAME = LaunchImage;
				CODE_SIGN_IDENTITY = "iPhone Developer";
				FRAMEWORK_SEARCH_PATHS = (
					"$(inherited)",
					"$(PROJECT_DIR)",
				);
				GCC_PRECOMPILE_PREFIX_HEADER = YES;
				GCC_PREFIX_HEADER = "SmartContacts/SmartContacts-Prefix.pch";
				INFOPLIST_FILE = "SmartContacts/SmartContacts-Info.plist";
				PRODUCT_NAME = "$(TARGET_NAME)";
				USER_HEADER_SEARCH_PATHS = "\"${PROJECT_DIR}/Pods\"/**";
				WRAPPER_EXTENSION = app;
			};
			name = Debug;
		};
		E88CDD8619383CDE00A30DB7 /* Release */ = {
			isa = XCBuildConfiguration;
			baseConfigurationReference = C37ECF0A88EF414C98E05F11 /* Pods-SmartContacts.xcconfig */;
			buildSettings = {
				ASSETCATALOG_COMPILER_APPICON_NAME = AppIcon;
				ASSETCATALOG_COMPILER_LAUNCHIMAGE_NAME = LaunchImage;
				CODE_SIGN_IDENTITY = "iPhone Developer";
				FRAMEWORK_SEARCH_PATHS = (
					"$(inherited)",
					"$(PROJECT_DIR)",
				);
				GCC_PRECOMPILE_PREFIX_HEADER = YES;
				GCC_PREFIX_HEADER = "SmartContacts/SmartContacts-Prefix.pch";
				INFOPLIST_FILE = "SmartContacts/SmartContacts-Info.plist";
				PRODUCT_NAME = "$(TARGET_NAME)";
				USER_HEADER_SEARCH_PATHS = "\"${PROJECT_DIR}/Pods\"/**";
				WRAPPER_EXTENSION = app;
			};
			name = Release;
		};
		E88CDD8819383CDE00A30DB7 /* Debug */ = {
			isa = XCBuildConfiguration;
			buildSettings = {
				BUNDLE_LOADER = "$(BUILT_PRODUCTS_DIR)/SmartContacts.app/SmartContacts";
				FRAMEWORK_SEARCH_PATHS = (
					"$(SDKROOT)/Developer/Library/Frameworks",
					"$(inherited)",
					"$(DEVELOPER_FRAMEWORKS_DIR)",
				);
				GCC_PRECOMPILE_PREFIX_HEADER = YES;
				GCC_PREFIX_HEADER = "SmartContacts/SmartContacts-Prefix.pch";
				GCC_PREPROCESSOR_DEFINITIONS = (
					"DEBUG=1",
					"$(inherited)",
				);
				INFOPLIST_FILE = "SmartContactsTests/SmartContactsTests-Info.plist";
				PRODUCT_NAME = "$(TARGET_NAME)";
				TEST_HOST = "$(BUNDLE_LOADER)";
				WRAPPER_EXTENSION = xctest;
			};
			name = Debug;
		};
		E88CDD8919383CDE00A30DB7 /* Release */ = {
			isa = XCBuildConfiguration;
			buildSettings = {
				BUNDLE_LOADER = "$(BUILT_PRODUCTS_DIR)/SmartContacts.app/SmartContacts";
				FRAMEWORK_SEARCH_PATHS = (
					"$(SDKROOT)/Developer/Library/Frameworks",
					"$(inherited)",
					"$(DEVELOPER_FRAMEWORKS_DIR)",
				);
				GCC_PRECOMPILE_PREFIX_HEADER = YES;
				GCC_PREFIX_HEADER = "SmartContacts/SmartContacts-Prefix.pch";
				INFOPLIST_FILE = "SmartContactsTests/SmartContactsTests-Info.plist";
				PRODUCT_NAME = "$(TARGET_NAME)";
				TEST_HOST = "$(BUNDLE_LOADER)";
				WRAPPER_EXTENSION = xctest;
			};
			name = Release;
		};
/* End XCBuildConfiguration section */

/* Begin XCConfigurationList section */
		E88CDD4419383CDD00A30DB7 /* Build configuration list for PBXProject "SmartContacts" */ = {
			isa = XCConfigurationList;
			buildConfigurations = (
				E88CDD8219383CDE00A30DB7 /* Debug */,
				E88CDD8319383CDE00A30DB7 /* Release */,
			);
			defaultConfigurationIsVisible = 0;
			defaultConfigurationName = Release;
		};
		E88CDD8419383CDE00A30DB7 /* Build configuration list for PBXNativeTarget "SmartContacts" */ = {
			isa = XCConfigurationList;
			buildConfigurations = (
				E88CDD8519383CDE00A30DB7 /* Debug */,
				E88CDD8619383CDE00A30DB7 /* Release */,
			);
			defaultConfigurationIsVisible = 0;
			defaultConfigurationName = Release;
		};
		E88CDD8719383CDE00A30DB7 /* Build configuration list for PBXNativeTarget "SmartContactsTests" */ = {
			isa = XCConfigurationList;
			buildConfigurations = (
				E88CDD8819383CDE00A30DB7 /* Debug */,
				E88CDD8919383CDE00A30DB7 /* Release */,
			);
			defaultConfigurationIsVisible = 0;
			defaultConfigurationName = Release;
		};
/* End XCConfigurationList section */

/* Begin XCVersionGroup section */
		36EBC1AD916955AFC814BEC0 /* SmartContacts.xcdatamodeld */ = {
			isa = XCVersionGroup;
			children = (
				36EBC2DC8405012503383885 /* SmartContacts.xcdatamodel */,
			);
			currentVersion = 36EBC2DC8405012503383885 /* SmartContacts.xcdatamodel */;
			path = SmartContacts.xcdatamodeld;
			sourceTree = "<group>";
			versionGroupType = wrapper.xcdatamodel;
		};
/* End XCVersionGroup section */
	};
	rootObject = E88CDD4119383CDD00A30DB7 /* Project object */;
}
